{
    "name": "calculatrice1.0",
    "version": "1.0.0",
    "lockfileVersion": 3,
    "requires": true,
    "packages": {
        "": {
            "name": "calculatrice1.0",
            "version": "1.0.0",
            "dependencies": {
                "nmp": "^1.0.3"
            }
        },
        "node_modules/nmp": {
            "version": "1.0.3",
            "resolved": "https://registry.npmjs.org/nmp/-/nmp-1.0.3.tgz",
            "integrity": "sha512-6xqQVI9v/Vix6VbDF9j9x2dzBs78u00f17BzQQHJYjcFV00dMMWOyEM2C3x8g6hGf3vn7gkjQd8Fd35ds8so+g==",
            "license": "MIT"
        }
    }
}
